
Microsoft Visual Studio Solution File, Format Version 12.00
# Visual Studio Version 16
VisualStudioVersion = 16.0.30309.148
MinimumVisualStudioVersion = 10.0.40219.1
Project("{8BC9CEB8-8B4A-11D0-8D11-00A0C91BC942}") = "labapivo2", "labapivo2.vcxproj", "{EEEDFF72-0673-4BF0-AB0C-F94312E2D439}"
EndProject
Global
	GlobalSection(SolutionConfigurationPlatforms) = preSolution
		Debug|x64 = Debug|x64
		Debug|x86 = Debug|x86
		Release|x64 = Release|x64
		Release|x86 = Release|x86
	EndGlobalSection
	GlobalSection(ProjectConfigurationPlatforms) = postSolution
		{EEEDFF72-0673-4BF0-AB0C-F94312E2D439}.Debug|x64.ActiveCfg = Debug|x64
		{EEEDFF72-0673-4BF0-AB0C-F94312E2D439}.Debug|x64.Build.0 = Debug|x64
		{EEEDFF72-0673-4BF0-AB0C-F94312E2D439}.Debug|x86.ActiveCfg = Debug|Win32
		{EEEDFF72-0673-4BF0-AB0C-F94312E2D439}.Debug|x86.Build.0 = Debug|Win32
		{EEEDFF72-0673-4BF0-AB0C-F94312E2D439}.Release|x64.ActiveCfg = Release|x64
		{EEEDFF72-0673-4BF0-AB0C-F94312E2D439}.Release|x64.Build.0 = Release|x64
		{EEEDFF72-0673-4BF0-AB0C-F94312E2D439}.Release|x86.ActiveCfg = Release|Win32
		{EEEDFF72-0673-4BF0-AB0C-F94312E2D439}.Release|x86.Build.0 = Release|Win32
	EndGlobalSection
	GlobalSection(SolutionProperties) = preSolution
		HideSolutionNode = FALSE
	EndGlobalSection
	GlobalSection(ExtensibilityGlobals) = postSolution
		SolutionGuid = {6BE429B7-2751-42BE-B77F-2826965D9359}
	EndGlobalSection
EndGlobal
